
Microsoft Visual Studio Solution File, Format Version 12.00
# Visual Studio 15
VisualStudioVersion = 15.0.28307.489
MinimumVisualStudioVersion = 10.0.40219.1
Project("{FAE04EC0-301F-11D3-BF4B-00C04F79EFBC}") = "Real Time Screen Filters", "Real Time Screen Filters\Real Time Screen Filters.csproj", "{FCE40663-8B05-4E1C-8E8F-FFC7444B1B64}"
EndProject
Global
	GlobalSection(SolutionConfigurationPlatforms) = preSolution
		Debug|Any CPU = Debug|Any CPU
		Release|Any CPU = Release|Any CPU
	EndGlobalSection
	GlobalSection(ProjectConfigurationPlatforms) = postSolution
		{FCE40663-8B05-4E1C-8E8F-FFC7444B1B64}.Debug|Any CPU.ActiveCfg = Debug|Any CPU
		{FCE40663-8B05-4E1C-8E8F-FFC7444B1B64}.Debug|Any CPU.Build.0 = Debug|Any CPU
		{FCE40663-8B05-4E1C-8E8F-FFC7444B1B64}.Release|Any CPU.ActiveCfg = Release|Any CPU
		{FCE40663-8B05-4E1C-8E8F-FFC7444B1B64}.Release|Any CPU.Build.0 = Release|Any CPU
	EndGlobalSection
	GlobalSection(SolutionProperties) = preSolution
		HideSolutionNode = FALSE
	EndGlobalSection
	GlobalSection(ExtensibilityGlobals) = postSolution
		SolutionGuid = {C10B5771-6C6D-451B-BAD1-FEF7E1B0DAF7}
	EndGlobalSection
EndGlobal
